// !$*UTF8*$!
{
	archiveVersion = 1;
	classes = {
	};
	objectVersion = 55;
	objects = {

/* Begin PBXBuildFile section */
		7A185BEE2898F2E000E188D9 /* Info.swift in Sources */ = {isa = PBXBuildFile; fileRef = 7A185BED2898F2E000E188D9 /* Info.swift */; };
		7A185BF028990BE700E188D9 /* FakeStorageManager.swift in Sources */ = {isa = PBXBuildFile; fileRef = 7A185BEF28990BE700E188D9 /* FakeStorageManager.swift */; };
		7AAB6C48282FEE62008C5911 /* AppDelegate.swift in Sources */ = {isa = PBXBuildFile; fileRef = 7AAB6C47282FEE62008C5911 /* AppDelegate.swift */; };
		7AAB6C4A282FEE62008C5911 /* SceneDelegate.swift in Sources */ = {isa = PBXBuildFile; fileRef = 7AAB6C49282FEE62008C5911 /* SceneDelegate.swift */; };
		7AAB6C4C282FEE62008C5911 /* GameViewController.swift in Sources */ = {isa = PBXBuildFile; fileRef = 7AAB6C4B282FEE62008C5911 /* GameViewController.swift */; };
		7AAB6C51282FEE64008C5911 /* Assets.xcassets in Resources */ = {isa = PBXBuildFile; fileRef = 7AAB6C50282FEE64008C5911 /* Assets.xcassets */; };
		7AD01EEE283A780F00F6270F /* GameModel.swift in Sources */ = {isa = PBXBuildFile; fileRef = 7AD01EED283A780F00F6270F /* GameModel.swift */; };
		7AD01EF0283A784900F6270F /* Card.swift in Sources */ = {isa = PBXBuildFile; fileRef = 7AD01EEF283A784900F6270F /* Card.swift */; };
		7AD01EF6285920D300F6270F /* Collection+Save.swift in Sources */ = {isa = PBXBuildFile; fileRef = 7AD01EF5285920D300F6270F /* Collection+Save.swift */; };
		7AD01EFD2882F25900F6270F /* Coordinator.swift in Sources */ = {isa = PBXBuildFile; fileRef = 7AD01EFC2882F25900F6270F /* Coordinator.swift */; };
		7AD01EFF2882F2F500F6270F /* AppCoordinator.swift in Sources */ = {isa = PBXBuildFile; fileRef = 7AD01EFE2882F2F500F6270F /* AppCoordinator.swift */; };
		7AD01F06288361E400F6270F /* StatisticViewController.swift in Sources */ = {isa = PBXBuildFile; fileRef = 7AD01F05288361E400F6270F /* StatisticViewController.swift */; };
		7AD01F0A2883626000F6270F /* StatistcModel.swift in Sources */ = {isa = PBXBuildFile; fileRef = 7AD01F092883626000F6270F /* StatistcModel.swift */; };
		7AD01F0F2883639400F6270F /* MainViewController.swift in Sources */ = {isa = PBXBuildFile; fileRef = 7AD01F0E2883639400F6270F /* MainViewController.swift */; };
		7AD01F13288403CE00F6270F /* Coordinating.swift in Sources */ = {isa = PBXBuildFile; fileRef = 7AD01F12288403CE00F6270F /* Coordinating.swift */; };
		7AD01F1528844AC600F6270F /* Dynamic.swift in Sources */ = {isa = PBXBuildFile; fileRef = 7AD01F1428844AC600F6270F /* Dynamic.swift */; };
		7AD01F18288452A500F6270F /* StorageService.swift in Sources */ = {isa = PBXBuildFile; fileRef = 7AD01F17288452A500F6270F /* StorageService.swift */; };
		7AD01F1A2884536400F6270F /* UserObject.swift in Sources */ = {isa = PBXBuildFile; fileRef = 7AD01F192884536400F6270F /* UserObject.swift */; };
		7AD01F1C288499E500F6270F /* CustomCell.swift in Sources */ = {isa = PBXBuildFile; fileRef = 7AD01F1B288499E500F6270F /* CustomCell.swift */; };
		CEE0FE9D8FE57180ED1A9025 /* Pods_ASConcentration.framework in Frameworks */ = {isa = PBXBuildFile; fileRef = 576B6340679EFCD17C12B71E /* Pods_ASConcentration.framework */; };
/* End PBXBuildFile section */

/* Begin PBXFileReference section */
		04A9BDF360480420936ECC6E /* Pods-ASConcentration.debug.xcconfig */ = {isa = PBXFileReference; includeInIndex = 1; lastKnownFileType = text.xcconfig; name = "Pods-ASConcentration.debug.xcconfig"; path = "Target Support Files/Pods-ASConcentration/Pods-ASConcentration.debug.xcconfig"; sourceTree = "<group>"; };
		576B6340679EFCD17C12B71E /* Pods_ASConcentration.framework */ = {isa = PBXFileReference; explicitFileType = wrapper.framework; includeInIndex = 0; path = Pods_ASConcentration.framework; sourceTree = BUILT_PRODUCTS_DIR; };
		7A185BED2898F2E000E188D9 /* Info.swift */ = {isa = PBXFileReference; lastKnownFileType = sourcecode.swift; path = Info.swift; sourceTree = "<group>"; };
		7A185BEF28990BE700E188D9 /* FakeStorageManager.swift */ = {isa = PBXFileReference; lastKnownFileType = sourcecode.swift; path = FakeStorageManager.swift; sourceTree = "<group>"; };
		7AAB6C44282FEE62008C5911 /* ASConcentration.app */ = {isa = PBXFileReference; explicitFileType = wrapper.application; includeInIndex = 0; path = ASConcentration.app; sourceTree = BUILT_PRODUCTS_DIR; };
		7AAB6C47282FEE62008C5911 /* AppDelegate.swift */ = {isa = PBXFileReference; lastKnownFileType = sourcecode.swift; path = AppDelegate.swift; sourceTree = "<group>"; };
		7AAB6C49282FEE62008C5911 /* SceneDelegate.swift */ = {isa = PBXFileReference; lastKnownFileType = sourcecode.swift; path = SceneDelegate.swift; sourceTree = "<group>"; };
		7AAB6C4B282FEE62008C5911 /* GameViewController.swift */ = {isa = PBXFileReference; lastKnownFileType = sourcecode.swift; path = GameViewController.swift; sourceTree = "<group>"; };
		7AAB6C50282FEE64008C5911 /* Assets.xcassets */ = {isa = PBXFileReference; lastKnownFileType = folder.assetcatalog; path = Assets.xcassets; sourceTree = "<group>"; };
		7AAB6C55282FEE64008C5911 /* Info.plist */ = {isa = PBXFileReference; lastKnownFileType = text.plist.xml; path = Info.plist; sourceTree = "<group>"; };
		7AD01EED283A780F00F6270F /* GameModel.swift */ = {isa = PBXFileReference; lastKnownFileType = sourcecode.swift; path = GameModel.swift; sourceTree = "<group>"; };
		7AD01EEF283A784900F6270F /* Card.swift */ = {isa = PBXFileReference; lastKnownFileType = sourcecode.swift; path = Card.swift; sourceTree = "<group>"; };
		7AD01EF5285920D300F6270F /* Collection+Save.swift */ = {isa = PBXFileReference; lastKnownFileType = sourcecode.swift; path = "Collection+Save.swift"; sourceTree = "<group>"; };
		7AD01EFC2882F25900F6270F /* Coordinator.swift */ = {isa = PBXFileReference; lastKnownFileType = sourcecode.swift; path = Coordinator.swift; sourceTree = "<group>"; };
		7AD01EFE2882F2F500F6270F /* AppCoordinator.swift */ = {isa = PBXFileReference; lastKnownFileType = sourcecode.swift; path = AppCoordinator.swift; sourceTree = "<group>"; };
		7AD01F05288361E400F6270F /* StatisticViewController.swift */ = {isa = PBXFileReference; lastKnownFileType = sourcecode.swift; path = StatisticViewController.swift; sourceTree = "<group>"; };
		7AD01F092883626000F6270F /* StatistcModel.swift */ = {isa = PBXFileReference; lastKnownFileType = sourcecode.swift; path = StatistcModel.swift; sourceTree = "<group>"; };
		7AD01F0E2883639400F6270F /* MainViewController.swift */ = {isa = PBXFileReference; lastKnownFileType = sourcecode.swift; path = MainViewController.swift; sourceTree = "<group>"; };
		7AD01F12288403CE00F6270F /* Coordinating.swift */ = {isa = PBXFileReference; lastKnownFileType = sourcecode.swift; path = Coordinating.swift; sourceTree = "<group>"; };
		7AD01F1428844AC600F6270F /* Dynamic.swift */ = {isa = PBXFileReference; lastKnownFileType = sourcecode.swift; path = Dynamic.swift; sourceTree = "<group>"; };
		7AD01F17288452A500F6270F /* StorageService.swift */ = {isa = PBXFileReference; lastKnownFileType = sourcecode.swift; path = StorageService.swift; sourceTree = "<group>"; };
		7AD01F192884536400F6270F /* UserObject.swift */ = {isa = PBXFileReference; lastKnownFileType = sourcecode.swift; path = UserObject.swift; sourceTree = "<group>"; };
		7AD01F1B288499E500F6270F /* CustomCell.swift */ = {isa = PBXFileReference; lastKnownFileType = sourcecode.swift; path = CustomCell.swift; sourceTree = "<group>"; };
		A4023C9E20FC4EB2BC37448C /* Pods-ASConcentration.release.xcconfig */ = {isa = PBXFileReference; includeInIndex = 1; lastKnownFileType = text.xcconfig; name = "Pods-ASConcentration.release.xcconfig"; path = "Target Support Files/Pods-ASConcentration/Pods-ASConcentration.release.xcconfig"; sourceTree = "<group>"; };
/* End PBXFileReference section */

/* Begin PBXFrameworksBuildPhase section */
		7AAB6C41282FEE62008C5911 /* Frameworks */ = {
			isa = PBXFrameworksBuildPhase;
			buildActionMask = 2147483647;
			files = (
				CEE0FE9D8FE57180ED1A9025 /* Pods_ASConcentration.framework in Frameworks */,
			);
			runOnlyForDeploymentPostprocessing = 0;
		};
/* End PBXFrameworksBuildPhase section */

/* Begin PBXGroup section */
		4ABA41C24557A914E9352121 /* Frameworks */ = {
			isa = PBXGroup;
			children = (
				576B6340679EFCD17C12B71E /* Pods_ASConcentration.framework */,
			);
			name = Frameworks;
			sourceTree = "<group>";
		};
		7AAB6C3B282FEE62008C5911 = {
			isa = PBXGroup;
			children = (
				7AAB6C46282FEE62008C5911 /* ASConcentration */,
				7AAB6C45282FEE62008C5911 /* Products */,
				99DD1C30B34F08AE1155E079 /* Pods */,
				4ABA41C24557A914E9352121 /* Frameworks */,
			);
			sourceTree = "<group>";
		};
		7AAB6C45282FEE62008C5911 /* Products */ = {
			isa = PBXGroup;
			children = (
				7AAB6C44282FEE62008C5911 /* ASConcentration.app */,
			);
			name = Products;
			sourceTree = "<group>";
		};
		7AAB6C46282FEE62008C5911 /* ASConcentration */ = {
			isa = PBXGroup;
			children = (
				7AD01F1628844AD700F6270F /* Binding */,
				7AD01EFB2882F24400F6270F /* Protocols */,
				7AD01EFE2882F2F500F6270F /* AppCoordinator.swift */,
				7AD01F17288452A500F6270F /* StorageService.swift */,
				7AD01F192884536400F6270F /* UserObject.swift */,
				7AD01EF42859209B00F6270F /* Extensions */,
				7AD01F0B288362BB00F6270F /* MainScreen */,
				7AD01F042883618E00F6270F /* GameStatistic */,
				7AD01EF128591F8000F6270F /* MainGame */,
				7AAB6C47282FEE62008C5911 /* AppDelegate.swift */,
				7AAB6C49282FEE62008C5911 /* SceneDelegate.swift */,
				7AAB6C50282FEE64008C5911 /* Assets.xcassets */,
				7AAB6C55282FEE64008C5911 /* Info.plist */,
			);
			path = ASConcentration;
			sourceTree = "<group>";
		};
		7AD01EF128591F8000F6270F /* MainGame */ = {
			isa = PBXGroup;
			children = (
				7AD01EF328591FA500F6270F /* View */,
				7AD01EF228591F9300F6270F /* ViewModel */,
			);
			path = MainGame;
			sourceTree = "<group>";
		};
		7AD01EF228591F9300F6270F /* ViewModel */ = {
			isa = PBXGroup;
			children = (
				7AD01EED283A780F00F6270F /* GameModel.swift */,
				7AD01EEF283A784900F6270F /* Card.swift */,
			);
			path = ViewModel;
			sourceTree = "<group>";
		};
		7AD01EF328591FA500F6270F /* View */ = {
			isa = PBXGroup;
			children = (
				7AAB6C4B282FEE62008C5911 /* GameViewController.swift */,
			);
			path = View;
			sourceTree = "<group>";
		};
		7AD01EF42859209B00F6270F /* Extensions */ = {
			isa = PBXGroup;
			children = (
				7AD01EF5285920D300F6270F /* Collection+Save.swift */,
			);
			path = Extensions;
			sourceTree = "<group>";
		};
		7AD01EFB2882F24400F6270F /* Protocols */ = {
			isa = PBXGroup;
			children = (
				7AD01EFC2882F25900F6270F /* Coordinator.swift */,
				7AD01F12288403CE00F6270F /* Coordinating.swift */,
			);
			path = Protocols;
			sourceTree = "<group>";
		};
		7AD01F042883618E00F6270F /* GameStatistic */ = {
			isa = PBXGroup;
			children = (
				7AD01F082883621400F6270F /* View */,
				7AD01F072883620000F6270F /* ViewModel */,
			);
			path = GameStatistic;
			sourceTree = "<group>";
		};
		7AD01F072883620000F6270F /* ViewModel */ = {
			isa = PBXGroup;
			children = (
				7AD01F092883626000F6270F /* StatistcModel.swift */,
				7A185BEF28990BE700E188D9 /* FakeStorageManager.swift */,
				7A185BED2898F2E000E188D9 /* Info.swift */,
			);
			path = ViewModel;
			sourceTree = "<group>";
		};
		7AD01F082883621400F6270F /* View */ = {
			isa = PBXGroup;
			children = (
				7AD01F05288361E400F6270F /* StatisticViewController.swift */,
				7AD01F1B288499E500F6270F /* CustomCell.swift */,
			);
			path = View;
			sourceTree = "<group>";
		};
		7AD01F0B288362BB00F6270F /* MainScreen */ = {
			isa = PBXGroup;
			children = (
				7AD01F0C2883635800F6270F /* View */,
			);
			path = MainScreen;
			sourceTree = "<group>";
		};
		7AD01F0C2883635800F6270F /* View */ = {
			isa = PBXGroup;
			children = (
				7AD01F0E2883639400F6270F /* MainViewController.swift */,
			);
			path = View;
			sourceTree = "<group>";
		};
		7AD01F1628844AD700F6270F /* Binding */ = {
			isa = PBXGroup;
			children = (
				7AD01F1428844AC600F6270F /* Dynamic.swift */,
			);
			path = Binding;
			sourceTree = "<group>";
		};
		99DD1C30B34F08AE1155E079 /* Pods */ = {
			isa = PBXGroup;
			children = (
				04A9BDF360480420936ECC6E /* Pods-ASConcentration.debug.xcconfig */,
				A4023C9E20FC4EB2BC37448C /* Pods-ASConcentration.release.xcconfig */,
			);
			path = Pods;
			sourceTree = "<group>";
		};
/* End PBXGroup section */

/* Begin PBXNativeTarget section */
		7AAB6C43282FEE62008C5911 /* ASConcentration */ = {
			isa = PBXNativeTarget;
			buildConfigurationList = 7AAB6C58282FEE64008C5911 /* Build configuration list for PBXNativeTarget "ASConcentration" */;
			buildPhases = (
				C3DFB0378E2EB712467AC095 /* [CP] Check Pods Manifest.lock */,
				7AAB6C40282FEE62008C5911 /* Sources */,
				7AAB6C41282FEE62008C5911 /* Frameworks */,
				7AAB6C42282FEE62008C5911 /* Resources */,
				0F44A55A63350C24929AADC2 /* [CP] Embed Pods Frameworks */,
				7AD01EF8287D698000F6270F /* ShellScript */,
			);
			buildRules = (
			);
			dependencies = (
			);
			name = ASConcentration;
			productName = ASConcentration;
			productReference = 7AAB6C44282FEE62008C5911 /* ASConcentration.app */;
			productType = "com.apple.product-type.application";
		};
/* End PBXNativeTarget section */

/* Begin PBXProject section */
		7AAB6C3C282FEE62008C5911 /* Project object */ = {
			isa = PBXProject;
			attributes = {
				BuildIndependentTargetsInParallel = 1;
				LastSwiftUpdateCheck = 1310;
				LastUpgradeCheck = 1310;
				TargetAttributes = {
					7AAB6C43282FEE62008C5911 = {
						CreatedOnToolsVersion = 13.1;
					};
				};
			};
			buildConfigurationList = 7AAB6C3F282FEE62008C5911 /* Build configuration list for PBXProject "ASConcentration" */;
			compatibilityVersion = "Xcode 13.0";
			developmentRegion = en;
			hasScannedForEncodings = 0;
			knownRegions = (
				en,
				Base,
			);
			mainGroup = 7AAB6C3B282FEE62008C5911;
			productRefGroup = 7AAB6C45282FEE62008C5911 /* Products */;
			projectDirPath = "";
			projectRoot = "";
			targets = (
				7AAB6C43282FEE62008C5911 /* ASConcentration */,
			);
		};
/* End PBXProject section */

/* Begin PBXResourcesBuildPhase section */
		7AAB6C42282FEE62008C5911 /* Resources */ = {
			isa = PBXResourcesBuildPhase;
			buildActionMask = 2147483647;
			files = (
				7AAB6C51282FEE64008C5911 /* Assets.xcassets in Resources */,
			);
			runOnlyForDeploymentPostprocessing = 0;
		};
/* End PBXResourcesBuildPhase section */

/* Begin PBXShellScriptBuildPhase section */
		0F44A55A63350C24929AADC2 /* [CP] Embed Pods Frameworks */ = {
			isa = PBXShellScriptBuildPhase;
			buildActionMask = 2147483647;
			files = (
			);
			inputFileListPaths = (
				"${PODS_ROOT}/Target Support Files/Pods-ASConcentration/Pods-ASConcentration-frameworks-${CONFIGURATION}-input-files.xcfilelist",
			);
			name = "[CP] Embed Pods Frameworks";
			outputFileListPaths = (
				"${PODS_ROOT}/Target Support Files/Pods-ASConcentration/Pods-ASConcentration-frameworks-${CONFIGURATION}-output-files.xcfilelist",
			);
			runOnlyForDeploymentPostprocessing = 0;
			shellPath = /bin/sh;
			shellScript = "\"${PODS_ROOT}/Target Support Files/Pods-ASConcentration/Pods-ASConcentration-frameworks.sh\"\n";
			showEnvVarsInLog = 0;
		};
		7AD01EF8287D698000F6270F /* ShellScript */ = {
			isa = PBXShellScriptBuildPhase;
			buildActionMask = 2147483647;
			files = (
			);
			inputFileListPaths = (
			);
			inputPaths = (
			);
			outputFileListPaths = (
			);
			outputPaths = (
			);
			runOnlyForDeploymentPostprocessing = 0;
			shellPath = /bin/sh;
			shellScript = "# Type a script or drag a script file from your workspace to insert its path.\n";
		};
		C3DFB0378E2EB712467AC095 /* [CP] Check Pods Manifest.lock */ = {
			isa = PBXShellScriptBuildPhase;
			buildActionMask = 2147483647;
			files = (
			);
			inputFileListPaths = (
			);
			inputPaths = (
				"${PODS_PODFILE_DIR_PATH}/Podfile.lock",
				"${PODS_ROOT}/Manifest.lock",
			);
			name = "[CP] Check Pods Manifest.lock";
			outputFileListPaths = (
			);
			outputPaths = (
				"$(DERIVED_FILE_DIR)/Pods-ASConcentration-checkManifestLockResult.txt",
			);
			runOnlyForDeploymentPostprocessing = 0;
			shellPath = /bin/sh;
			shellScript = "diff \"${PODS_PODFILE_DIR_PATH}/Podfile.lock\" \"${PODS_ROOT}/Manifest.lock\" > /dev/null\nif [ $? != 0 ] ; then\n    # print error to STDERR\n    echo \"error: The sandbox is not in sync with the Podfile.lock. Run 'pod install' or update your CocoaPods installation.\" >&2\n    exit 1\nfi\n# This output is used by Xcode 'outputs' to avoid re-running this script phase.\necho \"SUCCESS\" > \"${SCRIPT_OUTPUT_FILE_0}\"\n";
			showEnvVarsInLog = 0;
		};
/* End PBXShellScriptBuildPhase section */

/* Begin PBXSourcesBuildPhase section */
		7AAB6C40282FEE62008C5911 /* Sources */ = {
			isa = PBXSourcesBuildPhase;
			buildActionMask = 2147483647;
			files = (
				7AAB6C4C282FEE62008C5911 /* GameViewController.swift in Sources */,
				7AD01F1A2884536400F6270F /* UserObject.swift in Sources */,
				7A185BF028990BE700E188D9 /* FakeStorageManager.swift in Sources */,
				7AD01F1C288499E500F6270F /* CustomCell.swift in Sources */,
				7AD01F0F2883639400F6270F /* MainViewController.swift in Sources */,
				7AAB6C48282FEE62008C5911 /* AppDelegate.swift in Sources */,
				7AD01F1528844AC600F6270F /* Dynamic.swift in Sources */,
				7AD01EF0283A784900F6270F /* Card.swift in Sources */,
				7AD01F06288361E400F6270F /* StatisticViewController.swift in Sources */,
				7AD01EEE283A780F00F6270F /* GameModel.swift in Sources */,
				7AD01F0A2883626000F6270F /* StatistcModel.swift in Sources */,
				7AD01F13288403CE00F6270F /* Coordinating.swift in Sources */,
				7AD01F18288452A500F6270F /* StorageService.swift in Sources */,
				7AD01EFF2882F2F500F6270F /* AppCoordinator.swift in Sources */,
				7AD01EF6285920D300F6270F /* Collection+Save.swift in Sources */,
				7AAB6C4A282FEE62008C5911 /* SceneDelegate.swift in Sources */,
				7AD01EFD2882F25900F6270F /* Coordinator.swift in Sources */,
				7A185BEE2898F2E000E188D9 /* Info.swift in Sources */,
			);
			runOnlyForDeploymentPostprocessing = 0;
		};
/* End PBXSourcesBuildPhase section */

/* Begin XCBuildConfiguration section */
		7AAB6C56282FEE64008C5911 /* Debug */ = {
			isa = XCBuildConfiguration;
			buildSettings = {
				ALWAYS_SEARCH_USER_PATHS = NO;
				CLANG_ANALYZER_NONNULL = YES;
				CLANG_ANALYZER_NUMBER_OBJECT_CONVERSION = YES_AGGRESSIVE;
				CLANG_CXX_LANGUAGE_STANDARD = "gnu++17";
				CLANG_CXX_LIBRARY = "libc++";
				CLANG_ENABLE_MODULES = YES;
				CLANG_ENABLE_OBJC_ARC = YES;
				CLANG_ENABLE_OBJC_WEAK = YES;
				CLANG_WARN_BLOCK_CAPTURE_AUTORELEASING = YES;
				CLANG_WARN_BOOL_CONVERSION = YES;
				CLANG_WARN_COMMA = YES;
				CLANG_WARN_CONSTANT_CONVERSION = YES;
				CLANG_WARN_DEPRECATED_OBJC_IMPLEMENTATIONS = YES;
				CLANG_WARN_DIRECT_OBJC_ISA_USAGE = YES_ERROR;
				CLANG_WARN_DOCUMENTATION_COMMENTS = YES;
				CLANG_WARN_EMPTY_BODY = YES;
				CLANG_WARN_ENUM_CONVERSION = YES;
				CLANG_WARN_INFINITE_RECURSION = YES;
				CLANG_WARN_INT_CONVERSION = YES;
				CLANG_WARN_NON_LITERAL_NULL_CONVERSION = YES;
				CLANG_WARN_OBJC_IMPLICIT_RETAIN_SELF = YES;
				CLANG_WARN_OBJC_LITERAL_CONVERSION = YES;
				CLANG_WARN_OBJC_ROOT_CLASS = YES_ERROR;
				CLANG_WARN_QUOTED_INCLUDE_IN_FRAMEWORK_HEADER = YES;
				CLANG_WARN_RANGE_LOOP_ANALYSIS = YES;
				CLANG_WARN_STRICT_PROTOTYPES = YES;
				CLANG_WARN_SUSPICIOUS_MOVE = YES;
				CLANG_WARN_UNGUARDED_AVAILABILITY = YES_AGGRESSIVE;
				CLANG_WARN_UNREACHABLE_CODE = YES;
				CLANG_WARN__DUPLICATE_METHOD_MATCH = YES;
				COPY_PHASE_STRIP = NO;
				DEBUG_INFORMATION_FORMAT = dwarf;
				ENABLE_STRICT_OBJC_MSGSEND = YES;
				ENABLE_TESTABILITY = YES;
				GCC_C_LANGUAGE_STANDARD = gnu11;
				GCC_DYNAMIC_NO_PIC = NO;
				GCC_NO_COMMON_BLOCKS = YES;
				GCC_OPTIMIZATION_LEVEL = 0;
				GCC_PREPROCESSOR_DEFINITIONS = (
					"DEBUG=1",
					"$(inherited)",
				);
				GCC_WARN_64_TO_32_BIT_CONVERSION = YES;
				GCC_WARN_ABOUT_RETURN_TYPE = YES_ERROR;
				GCC_WARN_UNDECLARED_SELECTOR = YES;
				GCC_WARN_UNINITIALIZED_AUTOS = YES_AGGRESSIVE;
				GCC_WARN_UNUSED_FUNCTION = YES;
				GCC_WARN_UNUSED_VARIABLE = YES;
				IPHONEOS_DEPLOYMENT_TARGET = 15.0;
				MTL_ENABLE_DEBUG_INFO = INCLUDE_SOURCE;
				MTL_FAST_MATH = YES;
				ONLY_ACTIVE_ARCH = YES;
				SDKROOT = iphoneos;
				SWIFT_ACTIVE_COMPILATION_CONDITIONS = DEBUG;
				SWIFT_OPTIMIZATION_LEVEL = "-Onone";
			};
			name = Debug;
		};
		7AAB6C57282FEE64008C5911 /* Release */ = {
			isa = XCBuildConfiguration;
			buildSettings = {
				ALWAYS_SEARCH_USER_PATHS = NO;
				CLANG_ANALYZER_NONNULL = YES;
				CLANG_ANALYZER_NUMBER_OBJECT_CONVERSION = YES_AGGRESSIVE;
				CLANG_CXX_LANGUAGE_STANDARD = "gnu++17";
				CLANG_CXX_LIBRARY = "libc++";
				CLANG_ENABLE_MODULES = YES;
				CLANG_ENABLE_OBJC_ARC = YES;
				CLANG_ENABLE_OBJC_WEAK = YES;
				CLANG_WARN_BLOCK_CAPTURE_AUTORELEASING = YES;
				CLANG_WARN_BOOL_CONVERSION = YES;
				CLANG_WARN_COMMA = YES;
				CLANG_WARN_CONSTANT_CONVERSION = YES;
				CLANG_WARN_DEPRECATED_OBJC_IMPLEMENTATIONS = YES;
				CLANG_WARN_DIRECT_OBJC_ISA_USAGE = YES_ERROR;
				CLANG_WARN_DOCUMENTATION_COMMENTS = YES;
				CLANG_WARN_EMPTY_BODY = YES;
				CLANG_WARN_ENUM_CONVERSION = YES;
				CLANG_WARN_INFINITE_RECURSION = YES;
				CLANG_WARN_INT_CONVERSION = YES;
				CLANG_WARN_NON_LITERAL_NULL_CONVERSION = YES;
				CLANG_WARN_OBJC_IMPLICIT_RETAIN_SELF = YES;
				CLANG_WARN_OBJC_LITERAL_CONVERSION = YES;
				CLANG_WARN_OBJC_ROOT_CLASS = YES_ERROR;
				CLANG_WARN_QUOTED_INCLUDE_IN_FRAMEWORK_HEADER = YES;
				CLANG_WARN_RANGE_LOOP_ANALYSIS = YES;
				CLANG_WARN_STRICT_PROTOTYPES = YES;
				CLANG_WARN_SUSPICIOUS_MOVE = YES;
				CLANG_WARN_UNGUARDED_AVAILABILITY = YES_AGGRESSIVE;
				CLANG_WARN_UNREACHABLE_CODE = YES;
				CLANG_WARN__DUPLICATE_METHOD_MATCH = YES;
				COPY_PHASE_STRIP = NO;
				DEBUG_INFORMATION_FORMAT = "dwarf-with-dsym";
				ENABLE_NS_ASSERTIONS = NO;
				ENABLE_STRICT_OBJC_MSGSEND = YES;
				GCC_C_LANGUAGE_STANDARD = gnu11;
				GCC_NO_COMMON_BLOCKS = YES;
				GCC_WARN_64_TO_32_BIT_CONVERSION = YES;
				GCC_WARN_ABOUT_RETURN_TYPE = YES_ERROR;
				GCC_WARN_UNDECLARED_SELECTOR = YES;
				GCC_WARN_UNINITIALIZED_AUTOS = YES_AGGRESSIVE;
				GCC_WARN_UNUSED_FUNCTION = YES;
				GCC_WARN_UNUSED_VARIABLE = YES;
				IPHONEOS_DEPLOYMENT_TARGET = 15.0;
				MTL_ENABLE_DEBUG_INFO = NO;
				MTL_FAST_MATH = YES;
				SDKROOT = iphoneos;
				SWIFT_COMPILATION_MODE = wholemodule;
				SWIFT_OPTIMIZATION_LEVEL = "-O";
				VALIDATE_PRODUCT = YES;
			};
			name = Release;
		};
		7AAB6C59282FEE64008C5911 /* Debug */ = {
			isa = XCBuildConfiguration;
			baseConfigurationReference = 04A9BDF360480420936ECC6E /* Pods-ASConcentration.debug.xcconfig */;
			buildSettings = {
				ASSETCATALOG_COMPILER_APPICON_NAME = AppIcon;
				ASSETCATALOG_COMPILER_GLOBAL_ACCENT_COLOR_NAME = AccentColor;
				CODE_SIGN_STYLE = Automatic;
				CURRENT_PROJECT_VERSION = 1;
				DEVELOPMENT_TEAM = MW98Y87C9R;
				GENERATE_INFOPLIST_FILE = YES;
				INFOPLIST_FILE = ASConcentration/Info.plist;
				INFOPLIST_KEY_UIApplicationSupportsIndirectInputEvents = YES;
				INFOPLIST_KEY_UILaunchStoryboardName = LaunchScreen;
				INFOPLIST_KEY_UISupportedInterfaceOrientations_iPad = "UIInterfaceOrientationPortrait UIInterfaceOrientationPortraitUpsideDown UIInterfaceOrientationLandscapeLeft UIInterfaceOrientationLandscapeRight";
				INFOPLIST_KEY_UISupportedInterfaceOrientations_iPhone = "UIInterfaceOrientationPortrait UIInterfaceOrientationLandscapeLeft UIInterfaceOrientationLandscapeRight";
				LD_RUNPATH_SEARCH_PATHS = (
					"$(inherited)",
					"@executable_path/Frameworks",
				);
				MARKETING_VERSION = 1.0;
				PRODUCT_BUNDLE_IDENTIFIER = home.ASConcentration;
				PRODUCT_NAME = "$(TARGET_NAME)";
				SWIFT_EMIT_LOC_STRINGS = YES;
				SWIFT_VERSION = 5.0;
				TARGETED_DEVICE_FAMILY = "1,2";
			};
			name = Debug;
		};
		7AAB6C5A282FEE64008C5911 /* Release */ = {
			isa = XCBuildConfiguration;
			baseConfigurationReference = A4023C9E20FC4EB2BC37448C /* Pods-ASConcentration.release.xcconfig */;
			buildSettings = {
				ASSETCATALOG_COMPILER_APPICON_NAME = AppIcon;
				ASSETCATALOG_COMPILER_GLOBAL_ACCENT_COLOR_NAME = AccentColor;
				CODE_SIGN_STYLE = Automatic;
				CURRENT_PROJECT_VERSION = 1;
				DEVELOPMENT_TEAM = MW98Y87C9R;
				GENERATE_INFOPLIST_FILE = YES;
				INFOPLIST_FILE = ASConcentration/Info.plist;
				INFOPLIST_KEY_UIApplicationSupportsIndirectInputEvents = YES;
				INFOPLIST_KEY_UILaunchStoryboardName = LaunchScreen;
				INFOPLIST_KEY_UISupportedInterfaceOrientations_iPad = "UIInterfaceOrientationPortrait UIInterfaceOrientationPortraitUpsideDown UIInterfaceOrientationLandscapeLeft UIInterfaceOrientationLandscapeRight";
				INFOPLIST_KEY_UISupportedInterfaceOrientations_iPhone = "UIInterfaceOrientationPortrait UIInterfaceOrientationLandscapeLeft UIInterfaceOrientationLandscapeRight";
				LD_RUNPATH_SEARCH_PATHS = (
					"$(inherited)",
					"@executable_path/Frameworks",
				);
				MARKETING_VERSION = 1.0;
				PRODUCT_BUNDLE_IDENTIFIER = home.ASConcentration;
				PRODUCT_NAME = "$(TARGET_NAME)";
				SWIFT_EMIT_LOC_STRINGS = YES;
				SWIFT_VERSION = 5.0;
				TARGETED_DEVICE_FAMILY = "1,2";
			};
			name = Release;
		};
/* End XCBuildConfiguration section */

/* Begin XCConfigurationList section */
		7AAB6C3F282FEE62008C5911 /* Build configuration list for PBXProject "ASConcentration" */ = {
			isa = XCConfigurationList;
			buildConfigurations = (
				7AAB6C56282FEE64008C5911 /* Debug */,
				7AAB6C57282FEE64008C5911 /* Release */,
			);
			defaultConfigurationIsVisible = 0;
			defaultConfigurationName = Release;
		};
		7AAB6C58282FEE64008C5911 /* Build configuration list for PBXNativeTarget "ASConcentration" */ = {
			isa = XCConfigurationList;
			buildConfigurations = (
				7AAB6C59282FEE64008C5911 /* Debug */,
				7AAB6C5A282FEE64008C5911 /* Release */,
			);
			defaultConfigurationIsVisible = 0;
			defaultConfigurationName = Release;
		};
/* End XCConfigurationList section */
	};
	rootObject = 7AAB6C3C282FEE62008C5911 /* Project object */;
}
